
Microsoft Visual Studio Solution File, Format Version 12.00
# Visual Studio Version 17
VisualStudioVersion = 17.4.33403.182
MinimumVisualStudioVersion = 10.0.40219.1
Project("{FAE04EC0-301F-11D3-BF4B-00C04F79EFBC}") = "Digital Clock Widget", "Digital Clock Widget\Digital Clock Widget.csproj", "{7FDEED03-3557-432D-B790-05651CFD1F85}"
EndProject
Global
	GlobalSection(SolutionConfigurationPlatforms) = preSolution
		Debug|Any CPU = Debug|Any CPU
		Release|Any CPU = Release|Any CPU
	EndGlobalSection
	GlobalSection(ProjectConfigurationPlatforms) = postSolution
		{7FDEED03-3557-432D-B790-05651CFD1F85}.Debug|Any CPU.ActiveCfg = Debug|Any CPU
		{7FDEED03-3557-432D-B790-05651CFD1F85}.Debug|Any CPU.Build.0 = Debug|Any CPU
		{7FDEED03-3557-432D-B790-05651CFD1F85}.Release|Any CPU.ActiveCfg = Release|Any CPU
		{7FDEED03-3557-432D-B790-05651CFD1F85}.Release|Any CPU.Build.0 = Release|Any CPU
	EndGlobalSection
	GlobalSection(SolutionProperties) = preSolution
		HideSolutionNode = FALSE
	EndGlobalSection
	GlobalSection(ExtensibilityGlobals) = postSolution
		SolutionGuid = {81CC6A71-D87C-47C2-8D0A-AF576B97C40B}
	EndGlobalSection
EndGlobal
